// !$*UTF8*$!
{
	archiveVersion = 1;
	classes = {
	};
	objectVersion = 48;
	objects = {

/* Begin PBXBuildFile section */
		3C14AC504FC2DB1F064BBC1A /* Pods_PP.framework in Frameworks */ = {isa = PBXBuildFile; fileRef = 998A0AC38C4BBE9128CF06CF /* Pods_PP.framework */; };
		8A123B0F204BF299001E49BF /* UIViewController+NVActivityIndicatorView.swift in Sources */ = {isa = PBXBuildFile; fileRef = 8A123B0E204BF299001E49BF /* UIViewController+NVActivityIndicatorView.swift */; };
		8A6EC4D2204AE3C3008267C2 /* HealthAccessViewController.swift in Sources */ = {isa = PBXBuildFile; fileRef = 8A6EC4D1204AE3C3008267C2 /* HealthAccessViewController.swift */; };
		8A6EC4D5204AE986008267C2 /* AllRecipesViewController.swift in Sources */ = {isa = PBXBuildFile; fileRef = 8A6EC4D4204AE986008267C2 /* AllRecipesViewController.swift */; };
		8A6EC4D9204AE9BA008267C2 /* ProfileViewController.swift in Sources */ = {isa = PBXBuildFile; fileRef = 8A6EC4D8204AE9BA008267C2 /* ProfileViewController.swift */; };
		8A6EC4DB204AEE4D008267C2 /* RecipeCell.xib in Resources */ = {isa = PBXBuildFile; fileRef = 8A6EC4DA204AEE4D008267C2 /* RecipeCell.xib */; };
		8A6EC4DE204AF2B5008267C2 /* RecipeCollectionViewCell.swift in Sources */ = {isa = PBXBuildFile; fileRef = 8A6EC4DD204AF2B5008267C2 /* RecipeCollectionViewCell.swift */; };
		8A6EC4E0204B0956008267C2 /* CategoriesScrollView.swift in Sources */ = {isa = PBXBuildFile; fileRef = 8A6EC4DF204B0956008267C2 /* CategoriesScrollView.swift */; };
		8A6EC4E3204B1025008267C2 /* HKSetupAssistant.swift in Sources */ = {isa = PBXBuildFile; fileRef = 8A6EC4E2204B1025008267C2 /* HKSetupAssistant.swift */; };
		8A6EC4E5204B1131008267C2 /* HKDataStore.swift in Sources */ = {isa = PBXBuildFile; fileRef = 8A6EC4E4204B1131008267C2 /* HKDataStore.swift */; };
		8A6EC4EA204B118F008267C2 /* Steps.swift in Sources */ = {isa = PBXBuildFile; fileRef = 8A6EC4E9204B118F008267C2 /* Steps.swift */; };
		8A6EC4EE204B11CD008267C2 /* HKBiologicalSex+IntRepresentation.swift in Sources */ = {isa = PBXBuildFile; fileRef = 8A6EC4EC204B11CC008267C2 /* HKBiologicalSex+IntRepresentation.swift */; };
		8A6EC4F1204B12B3008267C2 /* HealthKit.framework in Frameworks */ = {isa = PBXBuildFile; fileRef = 8A6EC4F0204B12B3008267C2 /* HealthKit.framework */; };
		8A6EC4F4204B1E20008267C2 /* Date+Adding.swift in Sources */ = {isa = PBXBuildFile; fileRef = 8A6EC4F3204B1E20008267C2 /* Date+Adding.swift */; };
		8A6EC4F6204B3724008267C2 /* VKDelegate.swift in Sources */ = {isa = PBXBuildFile; fileRef = 8A6EC4F5204B3724008267C2 /* VKDelegate.swift */; };
		8A6EC4F8204B3827008267C2 /* VKApiWorker.swift in Sources */ = {isa = PBXBuildFile; fileRef = 8A6EC4F7204B3827008267C2 /* VKApiWorker.swift */; };
		8A6EC4FA204B4B9D008267C2 /* User.swift in Sources */ = {isa = PBXBuildFile; fileRef = 8A6EC4F9204B4B9D008267C2 /* User.swift */; };
		8A6EC4FC204B717E008267C2 /* UIImage+Circle.swift in Sources */ = {isa = PBXBuildFile; fileRef = 8A6EC4FB204B717E008267C2 /* UIImage+Circle.swift */; };
		8A6EC500204B856D008267C2 /* RecipeTableViewController.swift in Sources */ = {isa = PBXBuildFile; fileRef = 8A6EC4FF204B856D008267C2 /* RecipeTableViewController.swift */; };
		8A6EC502204B86E0008267C2 /* RecipeHeadTableViewCell.xib in Resources */ = {isa = PBXBuildFile; fileRef = 8A6EC501204B86E0008267C2 /* RecipeHeadTableViewCell.xib */; };
		8A6EC504204B8832008267C2 /* RecipeHeadTableViewCell.swift in Sources */ = {isa = PBXBuildFile; fileRef = 8A6EC503204B8832008267C2 /* RecipeHeadTableViewCell.swift */; };
		8A6EC507204B8E6A008267C2 /* IngredientTableViewCell.swift in Sources */ = {isa = PBXBuildFile; fileRef = 8A6EC505204B8E6A008267C2 /* IngredientTableViewCell.swift */; };
		8A6EC508204B8E6A008267C2 /* IngredientTableViewCell.xib in Resources */ = {isa = PBXBuildFile; fileRef = 8A6EC506204B8E6A008267C2 /* IngredientTableViewCell.xib */; };
		8A6EC50A204B9661008267C2 /* PPApiWorker.swift in Sources */ = {isa = PBXBuildFile; fileRef = 8A6EC509204B9661008267C2 /* PPApiWorker.swift */; };
		8A6EC50C204BA889008267C2 /* Recipe.swift in Sources */ = {isa = PBXBuildFile; fileRef = 8A6EC50B204BA889008267C2 /* Recipe.swift */; };
		8A6EC50E204BA917008267C2 /* Ingredient.swift in Sources */ = {isa = PBXBuildFile; fileRef = 8A6EC50D204BA917008267C2 /* Ingredient.swift */; };
		8A6EC511204BC0B3008267C2 /* InstructionTableViewCell.swift in Sources */ = {isa = PBXBuildFile; fileRef = 8A6EC50F204BC0B3008267C2 /* InstructionTableViewCell.swift */; };
		8A6EC512204BC0B3008267C2 /* InstructionTableViewCell.xib in Resources */ = {isa = PBXBuildFile; fileRef = 8A6EC510204BC0B3008267C2 /* InstructionTableViewCell.xib */; };
		8A6EC514204BDD35008267C2 /* UIImage+NSURLConnection.swift in Sources */ = {isa = PBXBuildFile; fileRef = 8A6EC513204BDD35008267C2 /* UIImage+NSURLConnection.swift */; };
		8A8CA7B5204AD64C009E6C80 /* AppDelegate.swift in Sources */ = {isa = PBXBuildFile; fileRef = 8A8CA7B4204AD64C009E6C80 /* AppDelegate.swift */; };
		8A8CA7B7204AD64C009E6C80 /* StartViewController.swift in Sources */ = {isa = PBXBuildFile; fileRef = 8A8CA7B6204AD64C009E6C80 /* StartViewController.swift */; };
		8A8CA7BA204AD64C009E6C80 /* Main.storyboard in Resources */ = {isa = PBXBuildFile; fileRef = 8A8CA7B8204AD64C009E6C80 /* Main.storyboard */; };
		8A8CA7BC204AD64C009E6C80 /* Assets.xcassets in Resources */ = {isa = PBXBuildFile; fileRef = 8A8CA7BB204AD64C009E6C80 /* Assets.xcassets */; };
		8A8CA7BF204AD64C009E6C80 /* LaunchScreen.storyboard in Resources */ = {isa = PBXBuildFile; fileRef = 8A8CA7BD204AD64C009E6C80 /* LaunchScreen.storyboard */; };
/* End PBXBuildFile section */

/* Begin PBXFileReference section */
		093E673028771611B2FE935C /* Pods-PP.release.xcconfig */ = {isa = PBXFileReference; includeInIndex = 1; lastKnownFileType = text.xcconfig; name = "Pods-PP.release.xcconfig"; path = "Pods/Target Support Files/Pods-PP/Pods-PP.release.xcconfig"; sourceTree = "<group>"; };
		24E6DBB5C21233D8BCBAD1F3 /* Pods-PP.debug.xcconfig */ = {isa = PBXFileReference; includeInIndex = 1; lastKnownFileType = text.xcconfig; name = "Pods-PP.debug.xcconfig"; path = "Pods/Target Support Files/Pods-PP/Pods-PP.debug.xcconfig"; sourceTree = "<group>"; };
		8A123B0E204BF299001E49BF /* UIViewController+NVActivityIndicatorView.swift */ = {isa = PBXFileReference; lastKnownFileType = sourcecode.swift; path = "UIViewController+NVActivityIndicatorView.swift"; sourceTree = "<group>"; };
		8A6EC4D1204AE3C3008267C2 /* HealthAccessViewController.swift */ = {isa = PBXFileReference; lastKnownFileType = sourcecode.swift; path = HealthAccessViewController.swift; sourceTree = "<group>"; };
		8A6EC4D4204AE986008267C2 /* AllRecipesViewController.swift */ = {isa = PBXFileReference; lastKnownFileType = sourcecode.swift; path = AllRecipesViewController.swift; sourceTree = "<group>"; };
		8A6EC4D8204AE9BA008267C2 /* ProfileViewController.swift */ = {isa = PBXFileReference; lastKnownFileType = sourcecode.swift; path = ProfileViewController.swift; sourceTree = "<group>"; };
		8A6EC4DA204AEE4D008267C2 /* RecipeCell.xib */ = {isa = PBXFileReference; lastKnownFileType = file.xib; path = RecipeCell.xib; sourceTree = "<group>"; };
		8A6EC4DD204AF2B5008267C2 /* RecipeCollectionViewCell.swift */ = {isa = PBXFileReference; lastKnownFileType = sourcecode.swift; path = RecipeCollectionViewCell.swift; sourceTree = "<group>"; };
		8A6EC4DF204B0956008267C2 /* CategoriesScrollView.swift */ = {isa = PBXFileReference; lastKnownFileType = sourcecode.swift; path = CategoriesScrollView.swift; sourceTree = "<group>"; };
		8A6EC4E2204B1025008267C2 /* HKSetupAssistant.swift */ = {isa = PBXFileReference; lastKnownFileType = sourcecode.swift; path = HKSetupAssistant.swift; sourceTree = "<group>"; };
		8A6EC4E4204B1131008267C2 /* HKDataStore.swift */ = {isa = PBXFileReference; lastKnownFileType = sourcecode.swift; path = HKDataStore.swift; sourceTree = "<group>"; };
		8A6EC4E9204B118F008267C2 /* Steps.swift */ = {isa = PBXFileReference; lastKnownFileType = sourcecode.swift; path = Steps.swift; sourceTree = "<group>"; };
		8A6EC4EC204B11CC008267C2 /* HKBiologicalSex+IntRepresentation.swift */ = {isa = PBXFileReference; fileEncoding = 4; lastKnownFileType = sourcecode.swift; path = "HKBiologicalSex+IntRepresentation.swift"; sourceTree = "<group>"; };
		8A6EC4F0204B12B3008267C2 /* HealthKit.framework */ = {isa = PBXFileReference; lastKnownFileType = wrapper.framework; name = HealthKit.framework; path = System/Library/Frameworks/HealthKit.framework; sourceTree = SDKROOT; };
		8A6EC4F2204B12B3008267C2 /* PP.entitlements */ = {isa = PBXFileReference; lastKnownFileType = text.plist.entitlements; path = PP.entitlements; sourceTree = "<group>"; };
		8A6EC4F3204B1E20008267C2 /* Date+Adding.swift */ = {isa = PBXFileReference; lastKnownFileType = sourcecode.swift; path = "Date+Adding.swift"; sourceTree = "<group>"; };
		8A6EC4F5204B3724008267C2 /* VKDelegate.swift */ = {isa = PBXFileReference; lastKnownFileType = sourcecode.swift; path = VKDelegate.swift; sourceTree = "<group>"; };
		8A6EC4F7204B3827008267C2 /* VKApiWorker.swift */ = {isa = PBXFileReference; lastKnownFileType = sourcecode.swift; path = VKApiWorker.swift; sourceTree = "<group>"; };
		8A6EC4F9204B4B9D008267C2 /* User.swift */ = {isa = PBXFileReference; lastKnownFileType = sourcecode.swift; path = User.swift; sourceTree = "<group>"; };
		8A6EC4FB204B717E008267C2 /* UIImage+Circle.swift */ = {isa = PBXFileReference; lastKnownFileType = sourcecode.swift; path = "UIImage+Circle.swift"; sourceTree = "<group>"; };
		8A6EC4FF204B856D008267C2 /* RecipeTableViewController.swift */ = {isa = PBXFileReference; lastKnownFileType = sourcecode.swift; path = RecipeTableViewController.swift; sourceTree = "<group>"; };
		8A6EC501204B86E0008267C2 /* RecipeHeadTableViewCell.xib */ = {isa = PBXFileReference; lastKnownFileType = file.xib; path = RecipeHeadTableViewCell.xib; sourceTree = "<group>"; };
		8A6EC503204B8832008267C2 /* RecipeHeadTableViewCell.swift */ = {isa = PBXFileReference; lastKnownFileType = sourcecode.swift; path = RecipeHeadTableViewCell.swift; sourceTree = "<group>"; };
		8A6EC505204B8E6A008267C2 /* IngredientTableViewCell.swift */ = {isa = PBXFileReference; lastKnownFileType = sourcecode.swift; path = IngredientTableViewCell.swift; sourceTree = "<group>"; };
		8A6EC506204B8E6A008267C2 /* IngredientTableViewCell.xib */ = {isa = PBXFileReference; lastKnownFileType = file.xib; path = IngredientTableViewCell.xib; sourceTree = "<group>"; };
		8A6EC509204B9661008267C2 /* PPApiWorker.swift */ = {isa = PBXFileReference; lastKnownFileType = sourcecode.swift; path = PPApiWorker.swift; sourceTree = "<group>"; };
		8A6EC50B204BA889008267C2 /* Recipe.swift */ = {isa = PBXFileReference; lastKnownFileType = sourcecode.swift; path = Recipe.swift; sourceTree = "<group>"; };
		8A6EC50D204BA917008267C2 /* Ingredient.swift */ = {isa = PBXFileReference; lastKnownFileType = sourcecode.swift; path = Ingredient.swift; sourceTree = "<group>"; };
		8A6EC50F204BC0B3008267C2 /* InstructionTableViewCell.swift */ = {isa = PBXFileReference; lastKnownFileType = sourcecode.swift; path = InstructionTableViewCell.swift; sourceTree = "<group>"; };
		8A6EC510204BC0B3008267C2 /* InstructionTableViewCell.xib */ = {isa = PBXFileReference; lastKnownFileType = file.xib; path = InstructionTableViewCell.xib; sourceTree = "<group>"; };
		8A6EC513204BDD35008267C2 /* UIImage+NSURLConnection.swift */ = {isa = PBXFileReference; lastKnownFileType = sourcecode.swift; path = "UIImage+NSURLConnection.swift"; sourceTree = "<group>"; };
		8A8CA7B1204AD64C009E6C80 /* PP.app */ = {isa = PBXFileReference; explicitFileType = wrapper.application; includeInIndex = 0; path = PP.app; sourceTree = BUILT_PRODUCTS_DIR; };
		8A8CA7B4204AD64C009E6C80 /* AppDelegate.swift */ = {isa = PBXFileReference; lastKnownFileType = sourcecode.swift; path = AppDelegate.swift; sourceTree = "<group>"; };
		8A8CA7B6204AD64C009E6C80 /* StartViewController.swift */ = {isa = PBXFileReference; lastKnownFileType = sourcecode.swift; path = StartViewController.swift; sourceTree = "<group>"; };
		8A8CA7B9204AD64C009E6C80 /* Base */ = {isa = PBXFileReference; lastKnownFileType = file.storyboard; name = Base; path = Base.lproj/Main.storyboard; sourceTree = "<group>"; };
		8A8CA7BB204AD64C009E6C80 /* Assets.xcassets */ = {isa = PBXFileReference; lastKnownFileType = folder.assetcatalog; path = Assets.xcassets; sourceTree = "<group>"; };
		8A8CA7BE204AD64C009E6C80 /* Base */ = {isa = PBXFileReference; lastKnownFileType = file.storyboard; name = Base; path = Base.lproj/LaunchScreen.storyboard; sourceTree = "<group>"; };
		8A8CA7C0204AD64C009E6C80 /* Info.plist */ = {isa = PBXFileReference; lastKnownFileType = text.plist.xml; path = Info.plist; sourceTree = "<group>"; };
		998A0AC38C4BBE9128CF06CF /* Pods_PP.framework */ = {isa = PBXFileReference; explicitFileType = wrapper.framework; includeInIndex = 0; path = Pods_PP.framework; sourceTree = BUILT_PRODUCTS_DIR; };
/* End PBXFileReference section */

/* Begin PBXFrameworksBuildPhase section */
		8A8CA7AE204AD64C009E6C80 /* Frameworks */ = {
			isa = PBXFrameworksBuildPhase;
			buildActionMask = 2147483647;
			files = (
				3C14AC504FC2DB1F064BBC1A /* Pods_PP.framework in Frameworks */,
				8A6EC4F1204B12B3008267C2 /* HealthKit.framework in Frameworks */,
			);
			runOnlyForDeploymentPostprocessing = 0;
		};
/* End PBXFrameworksBuildPhase section */

/* Begin PBXGroup section */
		6CA74C0D3FA704E6130EF1C6 /* Frameworks */ = {
			isa = PBXGroup;
			children = (
				8A6EC4F0204B12B3008267C2 /* HealthKit.framework */,
				998A0AC38C4BBE9128CF06CF /* Pods_PP.framework */,
			);
			name = Frameworks;
			sourceTree = "<group>";
		};
		8A6EC4D3204AE958008267C2 /* Controllers */ = {
			isa = PBXGroup;
			children = (
				8A8CA7B6204AD64C009E6C80 /* StartViewController.swift */,
				8A6EC4D1204AE3C3008267C2 /* HealthAccessViewController.swift */,
				8A6EC4D4204AE986008267C2 /* AllRecipesViewController.swift */,
				8A6EC4FF204B856D008267C2 /* RecipeTableViewController.swift */,
				8A6EC4D8204AE9BA008267C2 /* ProfileViewController.swift */,
			);
			path = Controllers;
			sourceTree = "<group>";
		};
		8A6EC4DC204AF298008267C2 /* Views */ = {
			isa = PBXGroup;
			children = (
				8A6EC4DD204AF2B5008267C2 /* RecipeCollectionViewCell.swift */,
				8A6EC503204B8832008267C2 /* RecipeHeadTableViewCell.swift */,
				8A6EC505204B8E6A008267C2 /* IngredientTableViewCell.swift */,
				8A6EC4DF204B0956008267C2 /* CategoriesScrollView.swift */,
				8A6EC50F204BC0B3008267C2 /* InstructionTableViewCell.swift */,
			);
			path = Views;
			sourceTree = "<group>";
		};
		8A6EC4E1204B1006008267C2 /* HealthKit */ = {
			isa = PBXGroup;
			children = (
				8A6EC4E2204B1025008267C2 /* HKSetupAssistant.swift */,
				8A6EC4E4204B1131008267C2 /* HKDataStore.swift */,
			);
			path = HealthKit;
			sourceTree = "<group>";
		};
		8A6EC4E8204B1180008267C2 /* Models */ = {
			isa = PBXGroup;
			children = (
				8A6EC4E9204B118F008267C2 /* Steps.swift */,
				8A6EC4F9204B4B9D008267C2 /* User.swift */,
				8A6EC50B204BA889008267C2 /* Recipe.swift */,
				8A6EC50D204BA917008267C2 /* Ingredient.swift */,
			);
			path = Models;
			sourceTree = "<group>";
		};
		8A6EC4EB204B11A9008267C2 /* Extensions */ = {
			isa = PBXGroup;
			children = (
				8A6EC4EC204B11CC008267C2 /* HKBiologicalSex+IntRepresentation.swift */,
				8A6EC4F3204B1E20008267C2 /* Date+Adding.swift */,
				8A6EC4FB204B717E008267C2 /* UIImage+Circle.swift */,
				8A6EC513204BDD35008267C2 /* UIImage+NSURLConnection.swift */,
				8A123B0E204BF299001E49BF /* UIViewController+NVActivityIndicatorView.swift */,
			);
			path = Extensions;
			sourceTree = "<group>";
		};
		8A6EC4FD204B7F9A008267C2 /* Network */ = {
			isa = PBXGroup;
			children = (
				8A6EC4FE204B7FA6008267C2 /* VK */,
				8A6EC509204B9661008267C2 /* PPApiWorker.swift */,
			);
			path = Network;
			sourceTree = "<group>";
		};
		8A6EC4FE204B7FA6008267C2 /* VK */ = {
			isa = PBXGroup;
			children = (
				8A6EC4F5204B3724008267C2 /* VKDelegate.swift */,
				8A6EC4F7204B3827008267C2 /* VKApiWorker.swift */,
			);
			path = VK;
			sourceTree = "<group>";
		};
		8A8CA7A8204AD64C009E6C80 = {
			isa = PBXGroup;
			children = (
				8A8CA7B3204AD64C009E6C80 /* PP */,
				8A8CA7B2204AD64C009E6C80 /* Products */,
				9517AA9FB313B915532FFCAB /* Pods */,
				6CA74C0D3FA704E6130EF1C6 /* Frameworks */,
			);
			sourceTree = "<group>";
		};
		8A8CA7B2204AD64C009E6C80 /* Products */ = {
			isa = PBXGroup;
			children = (
				8A8CA7B1204AD64C009E6C80 /* PP.app */,
			);
			name = Products;
			sourceTree = "<group>";
		};
		8A8CA7B3204AD64C009E6C80 /* PP */ = {
			isa = PBXGroup;
			children = (
				8A6EC4F2204B12B3008267C2 /* PP.entitlements */,
				8A8CA7B4204AD64C009E6C80 /* AppDelegate.swift */,
				8A6EC4FD204B7F9A008267C2 /* Network */,
				8A6EC4DC204AF298008267C2 /* Views */,
				8A6EC4E8204B1180008267C2 /* Models */,
				8A6EC4E1204B1006008267C2 /* HealthKit */,
				8A6EC4EB204B11A9008267C2 /* Extensions */,
				8A6EC4D3204AE958008267C2 /* Controllers */,
				8A8CA7B8204AD64C009E6C80 /* Main.storyboard */,
				8A6EC510204BC0B3008267C2 /* InstructionTableViewCell.xib */,
				8A6EC506204B8E6A008267C2 /* IngredientTableViewCell.xib */,
				8A6EC4DA204AEE4D008267C2 /* RecipeCell.xib */,
				8A6EC501204B86E0008267C2 /* RecipeHeadTableViewCell.xib */,
				8A8CA7BB204AD64C009E6C80 /* Assets.xcassets */,
				8A8CA7BD204AD64C009E6C80 /* LaunchScreen.storyboard */,
				8A8CA7C0204AD64C009E6C80 /* Info.plist */,
			);
			path = PP;
			sourceTree = "<group>";
		};
		9517AA9FB313B915532FFCAB /* Pods */ = {
			isa = PBXGroup;
			children = (
				24E6DBB5C21233D8BCBAD1F3 /* Pods-PP.debug.xcconfig */,
				093E673028771611B2FE935C /* Pods-PP.release.xcconfig */,
			);
			name = Pods;
			sourceTree = "<group>";
		};
/* End PBXGroup section */

/* Begin PBXNativeTarget section */
		8A8CA7B0204AD64C009E6C80 /* PP */ = {
			isa = PBXNativeTarget;
			buildConfigurationList = 8A8CA7C3204AD64C009E6C80 /* Build configuration list for PBXNativeTarget "PP" */;
			buildPhases = (
				C3465A7169F68ADF2CBE399C /* [CP] Check Pods Manifest.lock */,
				8A8CA7AD204AD64C009E6C80 /* Sources */,
				8A8CA7AE204AD64C009E6C80 /* Frameworks */,
				8A8CA7AF204AD64C009E6C80 /* Resources */,
				035C10FB3DC293797267CA08 /* [CP] Embed Pods Frameworks */,
				04F5565CDB3D78AB9DB4C74E /* [CP] Copy Pods Resources */,
			);
			buildRules = (
			);
			dependencies = (
			);
			name = PP;
			productName = PP;
			productReference = 8A8CA7B1204AD64C009E6C80 /* PP.app */;
			productType = "com.apple.product-type.application";
		};
/* End PBXNativeTarget section */

/* Begin PBXProject section */
		8A8CA7A9204AD64C009E6C80 /* Project object */ = {
			isa = PBXProject;
			attributes = {
				LastSwiftUpdateCheck = 0920;
				LastUpgradeCheck = 0920;
				ORGANIZATIONNAME = "Алексей";
				TargetAttributes = {
					8A8CA7B0204AD64C009E6C80 = {
						CreatedOnToolsVersion = 9.2;
						ProvisioningStyle = Automatic;
						SystemCapabilities = {
							com.apple.HealthKit = {
								enabled = 1;
							};
						};
					};
				};
			};
			buildConfigurationList = 8A8CA7AC204AD64C009E6C80 /* Build configuration list for PBXProject "PP" */;
			compatibilityVersion = "Xcode 8.0";
			developmentRegion = en;
			hasScannedForEncodings = 0;
			knownRegions = (
				en,
				Base,
			);
			mainGroup = 8A8CA7A8204AD64C009E6C80;
			productRefGroup = 8A8CA7B2204AD64C009E6C80 /* Products */;
			projectDirPath = "";
			projectRoot = "";
			targets = (
				8A8CA7B0204AD64C009E6C80 /* PP */,
			);
		};
/* End PBXProject section */

/* Begin PBXResourcesBuildPhase section */
		8A8CA7AF204AD64C009E6C80 /* Resources */ = {
			isa = PBXResourcesBuildPhase;
			buildActionMask = 2147483647;
			files = (
				8A6EC508204B8E6A008267C2 /* IngredientTableViewCell.xib in Resources */,
				8A8CA7BF204AD64C009E6C80 /* LaunchScreen.storyboard in Resources */,
				8A8CA7BC204AD64C009E6C80 /* Assets.xcassets in Resources */,
				8A6EC512204BC0B3008267C2 /* InstructionTableViewCell.xib in Resources */,
				8A8CA7BA204AD64C009E6C80 /* Main.storyboard in Resources */,
				8A6EC4DB204AEE4D008267C2 /* RecipeCell.xib in Resources */,
				8A6EC502204B86E0008267C2 /* RecipeHeadTableViewCell.xib in Resources */,
			);
			runOnlyForDeploymentPostprocessing = 0;
		};
/* End PBXResourcesBuildPhase section */

/* Begin PBXShellScriptBuildPhase section */
		035C10FB3DC293797267CA08 /* [CP] Embed Pods Frameworks */ = {
			isa = PBXShellScriptBuildPhase;
			buildActionMask = 2147483647;
			files = (
			);
			inputPaths = (
			);
			name = "[CP] Embed Pods Frameworks";
			outputPaths = (
			);
			runOnlyForDeploymentPostprocessing = 0;
			shellPath = /bin/sh;
			shellScript = "\"${SRCROOT}/Pods/Target Support Files/Pods-PP/Pods-PP-frameworks.sh\"\n";
			showEnvVarsInLog = 0;
		};
		04F5565CDB3D78AB9DB4C74E /* [CP] Copy Pods Resources */ = {
			isa = PBXShellScriptBuildPhase;
			buildActionMask = 2147483647;
			files = (
			);
			inputPaths = (
			);
			name = "[CP] Copy Pods Resources";
			outputPaths = (
			);
			runOnlyForDeploymentPostprocessing = 0;
			shellPath = /bin/sh;
			shellScript = "\"${SRCROOT}/Pods/Target Support Files/Pods-PP/Pods-PP-resources.sh\"\n";
			showEnvVarsInLog = 0;
		};
		C3465A7169F68ADF2CBE399C /* [CP] Check Pods Manifest.lock */ = {
			isa = PBXShellScriptBuildPhase;
			buildActionMask = 2147483647;
			files = (
			);
			inputPaths = (
			);
			name = "[CP] Check Pods Manifest.lock";
			outputPaths = (
			);
			runOnlyForDeploymentPostprocessing = 0;
			shellPath = /bin/sh;
			shellScript = "diff \"${PODS_PODFILE_DIR_PATH}/Podfile.lock\" \"${PODS_ROOT}/Manifest.lock\" > /dev/null\nif [ $? != 0 ] ; then\n    # print error to STDERR\n    echo \"error: The sandbox is not in sync with the Podfile.lock. Run 'pod install' or update your CocoaPods installation.\" >&2\n    exit 1\nfi\n";
			showEnvVarsInLog = 0;
		};
/* End PBXShellScriptBuildPhase section */

/* Begin PBXSourcesBuildPhase section */
		8A8CA7AD204AD64C009E6C80 /* Sources */ = {
			isa = PBXSourcesBuildPhase;
			buildActionMask = 2147483647;
			files = (
				8A6EC514204BDD35008267C2 /* UIImage+NSURLConnection.swift in Sources */,
				8A6EC4D9204AE9BA008267C2 /* ProfileViewController.swift in Sources */,
				8A6EC4F4204B1E20008267C2 /* Date+Adding.swift in Sources */,
				8A6EC4D5204AE986008267C2 /* AllRecipesViewController.swift in Sources */,
				8A6EC511204BC0B3008267C2 /* InstructionTableViewCell.swift in Sources */,
				8A6EC4E5204B1131008267C2 /* HKDataStore.swift in Sources */,
				8A6EC4FA204B4B9D008267C2 /* User.swift in Sources */,
				8A8CA7B7204AD64C009E6C80 /* StartViewController.swift in Sources */,
				8A6EC4D2204AE3C3008267C2 /* HealthAccessViewController.swift in Sources */,
				8A6EC4DE204AF2B5008267C2 /* RecipeCollectionViewCell.swift in Sources */,
				8A123B0F204BF299001E49BF /* UIViewController+NVActivityIndicatorView.swift in Sources */,
				8A6EC50A204B9661008267C2 /* PPApiWorker.swift in Sources */,
				8A6EC50C204BA889008267C2 /* Recipe.swift in Sources */,
				8A6EC50E204BA917008267C2 /* Ingredient.swift in Sources */,
				8A6EC4EA204B118F008267C2 /* Steps.swift in Sources */,
				8A6EC500204B856D008267C2 /* RecipeTableViewController.swift in Sources */,
				8A6EC4E3204B1025008267C2 /* HKSetupAssistant.swift in Sources */,
				8A6EC4E0204B0956008267C2 /* CategoriesScrollView.swift in Sources */,
				8A8CA7B5204AD64C009E6C80 /* AppDelegate.swift in Sources */,
				8A6EC507204B8E6A008267C2 /* IngredientTableViewCell.swift in Sources */,
				8A6EC504204B8832008267C2 /* RecipeHeadTableViewCell.swift in Sources */,
				8A6EC4EE204B11CD008267C2 /* HKBiologicalSex+IntRepresentation.swift in Sources */,
				8A6EC4F8204B3827008267C2 /* VKApiWorker.swift in Sources */,
				8A6EC4FC204B717E008267C2 /* UIImage+Circle.swift in Sources */,
				8A6EC4F6204B3724008267C2 /* VKDelegate.swift in Sources */,
			);
			runOnlyForDeploymentPostprocessing = 0;
		};
/* End PBXSourcesBuildPhase section */

/* Begin PBXVariantGroup section */
		8A8CA7B8204AD64C009E6C80 /* Main.storyboard */ = {
			isa = PBXVariantGroup;
			children = (
				8A8CA7B9204AD64C009E6C80 /* Base */,
			);
			name = Main.storyboard;
			sourceTree = "<group>";
		};
		8A8CA7BD204AD64C009E6C80 /* LaunchScreen.storyboard */ = {
			isa = PBXVariantGroup;
			children = (
				8A8CA7BE204AD64C009E6C80 /* Base */,
			);
			name = LaunchScreen.storyboard;
			sourceTree = "<group>";
		};
/* End PBXVariantGroup section */

/* Begin XCBuildConfiguration section */
		8A8CA7C1204AD64C009E6C80 /* Debug */ = {
			isa = XCBuildConfiguration;
			buildSettings = {
				ALWAYS_SEARCH_USER_PATHS = NO;
				CLANG_ANALYZER_NONNULL = YES;
				CLANG_ANALYZER_NUMBER_OBJECT_CONVERSION = YES_AGGRESSIVE;
				CLANG_CXX_LANGUAGE_STANDARD = "gnu++14";
				CLANG_CXX_LIBRARY = "libc++";
				CLANG_ENABLE_MODULES = YES;
				CLANG_ENABLE_OBJC_ARC = YES;
				CLANG_WARN_BLOCK_CAPTURE_AUTORELEASING = YES;
				CLANG_WARN_BOOL_CONVERSION = YES;
				CLANG_WARN_COMMA = YES;
				CLANG_WARN_CONSTANT_CONVERSION = YES;
				CLANG_WARN_DIRECT_OBJC_ISA_USAGE = YES_ERROR;
				CLANG_WARN_DOCUMENTATION_COMMENTS = YES;
				CLANG_WARN_EMPTY_BODY = YES;
				CLANG_WARN_ENUM_CONVERSION = YES;
				CLANG_WARN_INFINITE_RECURSION = YES;
				CLANG_WARN_INT_CONVERSION = YES;
				CLANG_WARN_NON_LITERAL_NULL_CONVERSION = YES;
				CLANG_WARN_OBJC_LITERAL_CONVERSION = YES;
				CLANG_WARN_OBJC_ROOT_CLASS = YES_ERROR;
				CLANG_WARN_RANGE_LOOP_ANALYSIS = YES;
				CLANG_WARN_STRICT_PROTOTYPES = YES;
				CLANG_WARN_SUSPICIOUS_MOVE = YES;
				CLANG_WARN_UNGUARDED_AVAILABILITY = YES_AGGRESSIVE;
				CLANG_WARN_UNREACHABLE_CODE = YES;
				CLANG_WARN__DUPLICATE_METHOD_MATCH = YES;
				CODE_SIGN_IDENTITY = "iPhone Developer";
				COPY_PHASE_STRIP = NO;
				DEBUG_INFORMATION_FORMAT = dwarf;
				ENABLE_STRICT_OBJC_MSGSEND = YES;
				ENABLE_TESTABILITY = YES;
				GCC_C_LANGUAGE_STANDARD = gnu11;
				GCC_DYNAMIC_NO_PIC = NO;
				GCC_NO_COMMON_BLOCKS = YES;
				GCC_OPTIMIZATION_LEVEL = 0;
				GCC_PREPROCESSOR_DEFINITIONS = (
					"DEBUG=1",
					"$(inherited)",
				);
				GCC_WARN_64_TO_32_BIT_CONVERSION = YES;
				GCC_WARN_ABOUT_RETURN_TYPE = YES_ERROR;
				GCC_WARN_UNDECLARED_SELECTOR = YES;
				GCC_WARN_UNINITIALIZED_AUTOS = YES_AGGRESSIVE;
				GCC_WARN_UNUSED_FUNCTION = YES;
				GCC_WARN_UNUSED_VARIABLE = YES;
				IPHONEOS_DEPLOYMENT_TARGET = 11.2;
				MTL_ENABLE_DEBUG_INFO = YES;
				ONLY_ACTIVE_ARCH = YES;
				SDKROOT = iphoneos;
				SWIFT_ACTIVE_COMPILATION_CONDITIONS = DEBUG;
				SWIFT_OPTIMIZATION_LEVEL = "-Onone";
			};
			name = Debug;
		};
		8A8CA7C2204AD64C009E6C80 /* Release */ = {
			isa = XCBuildConfiguration;
			buildSettings = {
				ALWAYS_SEARCH_USER_PATHS = NO;
				CLANG_ANALYZER_NONNULL = YES;
				CLANG_ANALYZER_NUMBER_OBJECT_CONVERSION = YES_AGGRESSIVE;
				CLANG_CXX_LANGUAGE_STANDARD = "gnu++14";
				CLANG_CXX_LIBRARY = "libc++";
				CLANG_ENABLE_MODULES = YES;
				CLANG_ENABLE_OBJC_ARC = YES;
				CLANG_WARN_BLOCK_CAPTURE_AUTORELEASING = YES;
				CLANG_WARN_BOOL_CONVERSION = YES;
				CLANG_WARN_COMMA = YES;
				CLANG_WARN_CONSTANT_CONVERSION = YES;
				CLANG_WARN_DIRECT_OBJC_ISA_USAGE = YES_ERROR;
				CLANG_WARN_DOCUMENTATION_COMMENTS = YES;
				CLANG_WARN_EMPTY_BODY = YES;
				CLANG_WARN_ENUM_CONVERSION = YES;
				CLANG_WARN_INFINITE_RECURSION = YES;
				CLANG_WARN_INT_CONVERSION = YES;
				CLANG_WARN_NON_LITERAL_NULL_CONVERSION = YES;
				CLANG_WARN_OBJC_LITERAL_CONVERSION = YES;
				CLANG_WARN_OBJC_ROOT_CLASS = YES_ERROR;
				CLANG_WARN_RANGE_LOOP_ANALYSIS = YES;
				CLANG_WARN_STRICT_PROTOTYPES = YES;
				CLANG_WARN_SUSPICIOUS_MOVE = YES;
				CLANG_WARN_UNGUARDED_AVAILABILITY = YES_AGGRESSIVE;
				CLANG_WARN_UNREACHABLE_CODE = YES;
				CLANG_WARN__DUPLICATE_METHOD_MATCH = YES;
				CODE_SIGN_IDENTITY = "iPhone Developer";
				COPY_PHASE_STRIP = NO;
				DEBUG_INFORMATION_FORMAT = "dwarf-with-dsym";
				ENABLE_NS_ASSERTIONS = NO;
				ENABLE_STRICT_OBJC_MSGSEND = YES;
				GCC_C_LANGUAGE_STANDARD = gnu11;
				GCC_NO_COMMON_BLOCKS = YES;
				GCC_WARN_64_TO_32_BIT_CONVERSION = YES;
				GCC_WARN_ABOUT_RETURN_TYPE = YES_ERROR;
				GCC_WARN_UNDECLARED_SELECTOR = YES;
				GCC_WARN_UNINITIALIZED_AUTOS = YES_AGGRESSIVE;
				GCC_WARN_UNUSED_FUNCTION = YES;
				GCC_WARN_UNUSED_VARIABLE = YES;
				IPHONEOS_DEPLOYMENT_TARGET = 11.2;
				MTL_ENABLE_DEBUG_INFO = NO;
				SDKROOT = iphoneos;
				SWIFT_OPTIMIZATION_LEVEL = "-Owholemodule";
				VALIDATE_PRODUCT = YES;
			};
			name = Release;
		};
		8A8CA7C4204AD64C009E6C80 /* Debug */ = {
			isa = XCBuildConfiguration;
			baseConfigurationReference = 24E6DBB5C21233D8BCBAD1F3 /* Pods-PP.debug.xcconfig */;
			buildSettings = {
				ASSETCATALOG_COMPILER_APPICON_NAME = AppIcon;
				CODE_SIGN_ENTITLEMENTS = PP/PP.entitlements;
				CODE_SIGN_STYLE = Automatic;
				DEVELOPMENT_TEAM = GLQY2SH5YN;
				INFOPLIST_FILE = PP/Info.plist;
				LD_RUNPATH_SEARCH_PATHS = "$(inherited) @executable_path/Frameworks";
				PRODUCT_BUNDLE_IDENTIFIER = Alexey.PP;
				PRODUCT_NAME = "$(TARGET_NAME)";
				SWIFT_VERSION = 4.0;
				TARGETED_DEVICE_FAMILY = "1,2";
			};
			name = Debug;
		};
		8A8CA7C5204AD64C009E6C80 /* Release */ = {
			isa = XCBuildConfiguration;
			baseConfigurationReference = 093E673028771611B2FE935C /* Pods-PP.release.xcconfig */;
			buildSettings = {
				ASSETCATALOG_COMPILER_APPICON_NAME = AppIcon;
				CODE_SIGN_ENTITLEMENTS = PP/PP.entitlements;
				CODE_SIGN_STYLE = Automatic;
				DEVELOPMENT_TEAM = GLQY2SH5YN;
				INFOPLIST_FILE = PP/Info.plist;
				LD_RUNPATH_SEARCH_PATHS = "$(inherited) @executable_path/Frameworks";
				PRODUCT_BUNDLE_IDENTIFIER = Alexey.PP;
				PRODUCT_NAME = "$(TARGET_NAME)";
				SWIFT_VERSION = 4.0;
				TARGETED_DEVICE_FAMILY = "1,2";
			};
			name = Release;
		};
/* End XCBuildConfiguration section */

/* Begin XCConfigurationList section */
		8A8CA7AC204AD64C009E6C80 /* Build configuration list for PBXProject "PP" */ = {
			isa = XCConfigurationList;
			buildConfigurations = (
				8A8CA7C1204AD64C009E6C80 /* Debug */,
				8A8CA7C2204AD64C009E6C80 /* Release */,
			);
			defaultConfigurationIsVisible = 0;
			defaultConfigurationName = Release;
		};
		8A8CA7C3204AD64C009E6C80 /* Build configuration list for PBXNativeTarget "PP" */ = {
			isa = XCConfigurationList;
			buildConfigurations = (
				8A8CA7C4204AD64C009E6C80 /* Debug */,
				8A8CA7C5204AD64C009E6C80 /* Release */,
			);
			defaultConfigurationIsVisible = 0;
			defaultConfigurationName = Release;
		};
/* End XCConfigurationList section */
	};
	rootObject = 8A8CA7A9204AD64C009E6C80 /* Project object */;
}
